PODS:
  - AFNetworking (2.0.1):
    - AFNetworking/NSURLConnection
    - AFNetworking/NSURLSession
    - AFNetworking/Reachability
    - AFNetworking/Security
    - AFNetworking/Serialization
    - AFNetworking/UIKit
  - AFNetworking/NSURLConnection (2.0.1):
    - AFNetworking/Reachability
    - AFNetworking/Security
    - AFNetworking/Serialization
  - AFNetworking/NSURLSession (2.0.1):
    - AFNetworking/Reachability
    - AFNetworking/Security
    - AFNetworking/Serialization
  - AFNetworking/Reachability (2.0.1)
  - AFNetworking/Security (2.0.1)
  - AFNetworking/Serialization (2.0.1)
  - AFNetworking/UIKit (2.0.1):
    - AFNetworking/NSURLConnection
  - ARSafeJSON (0.0.7)
  - BKUIAdditions (1.0)
  - FormatterKit (1.2.1):
    - FormatterKit/AddressFormatter
    - FormatterKit/ArrayFormatter
    - FormatterKit/LocationFormatter
    - FormatterKit/OrdinalNumberFormatter
    - FormatterKit/TimeIntervalFormatter
    - FormatterKit/UnitOfInformationFormatter
    - FormatterKit/URLRequestFormatter
  - FormatterKit/AddressFormatter (1.2.1)
  - FormatterKit/ArrayFormatter (1.2.1)
  - FormatterKit/LocationFormatter (1.2.1)
  - FormatterKit/OrdinalNumberFormatter (1.2.1)
  - FormatterKit/TimeIntervalFormatter (1.2.1)
  - FormatterKit/UnitOfInformationFormatter (1.2.1)
  - FormatterKit/URLRequestFormatter (1.2.1)
  - HHPanningTableViewCell (2.0.0)
  - iOS-blur (0.0.3)
  - SSKeychain (1.2.1)

DEPENDENCIES:
  - AFNetworking
  - AFNetworking/UIKit
  - ARSafeJSON
  - BKUIAdditions (from `https://github.com/brunokoga/BKUIAdditions.git`)
  - FormatterKit (~> 1.2.0)
  - HHPanningTableViewCell
  - iOS-blur
  - SSKeychain

EXTERNAL SOURCES:
  BKUIAdditions:
    :git: https://github.com/brunokoga/BKUIAdditions.git

SPEC CHECKSUMS:
  AFNetworking: a6f11ac4ac087303e6ff87adc1ba57b0dac20ef8
  ARSafeJSON: 737d05b66a51376fcc7c548569c457a77a70bd2c
  BKUIAdditions: 77a86d349bfc570c7fa920991d12b2a91932903a
  FormatterKit: 43c6567e367a872196747fda0c26395c37bd7dd6
  HHPanningTableViewCell: 16b23eb06b99121c7fd678b6f54700338317b008
  iOS-blur: 7c8087858e7a685072cf8af52dd08dd3e115531b
  SSKeychain: d18926838c2e7cd342e2a49e9f869858e49f035a

COCOAPODS: 0.27.1
